github.com/jmhodges/clock v0.0.0-20160418191101-880ee4c33548 h1:dYTbLf4m0a5u0KLmPfB6mgxbcV7588bOCx79hxa5Sr4=
github.com/jmhodges/clock v0.0.0-20160418191101-880ee4c33548/go.mod h1:hGT6jSUVzF6no3QaDSMLGLEHtHSBSefs+MgcDWnmhmo=
github.com/letsencrypt/challtestsrv v0.0.0-20181206200831-495441a88800 h1:lLMZpQheDEtEhwDglvCbZlU3KAJma9gKWxWKwEo3Fkc=
github.com/letsencrypt/challtestsrv v0.0.0-20181206200831-495441a88800/go.mod h1:/gzSMb+5FjprRIa1TtW6ngjhUOr8JbEFM2XESzK2zPg=
github.com/letsencrypt/challtestsrv v1.0.0 h1:qWZX81YKt+ke5U4jJePbO3hDtdEbKC93aHYxgJNFvTI=
github.com/letsencrypt/challtestsrv v1.0.0/go.mod h1:/gzSMb+5FjprRIa1TtW6ngjhUOr8JbEFM2XESzK2zPg=
github.com/letsencrypt/challtestsrv v1.0.1-0.20181212211153-921078ce7fc4 h1:NgzUgTJ5BbPt13D7T7Is+dyzZ4KW0Ognc6oT9WT5aJI=
github.com/letsencrypt/challtestsrv v1.0.1-0.20181212211153-921078ce7fc4/go.mod h1:/gzSMb+5FjprRIa1TtW6ngjhUOr8JbEFM2XESzK2zPg=
github.com/letsencrypt/challtestsrv v1.0.1-0.20181212211825-6441a6a4faad h1:GAhfHjMmok/3SXsygak5o3RI0OPP+0/cGs0UXR0SJDE=
github.com/letsencrypt/challtestsrv v1.0.1-0.20181212211825-6441a6a4faad/go.mod h1:/gzSMb+5FjprRIa1TtW6ngjhUOr8JbEFM2XESzK2zPg=
github.com/letsencrypt/challtestsrv v1.0.1-0.20181212222758-e1173e47e167 h1:QH2bqxMbHIrpX+s/+z5Z/dlfWrJJVtOAHmZobt8ztDQ=
github.com/letsencrypt/challtestsrv v1.0.1-0.20181212222758-e1173e47e167/go.mod h1:/gzSMb+5FjprRIa1TtW6ngjhUOr8JbEFM2XESzK2zPg=
github.com/letsencrypt/challtestsrv v1.0.1-0.20181213164708-7ac06f2c48ad h1:WKfASZKhpfYh+wggJWPtKWDiRSN93GOnGHfTdCGCqU8=
github.com/letsencrypt/challtestsrv v1.0.1-0.20181213164708-7ac06f2c48ad/go.mod h1:/gzSMb+5FjprRIa1TtW6ngjhUOr8JbEFM2XESzK2zPg=
github.com/letsencrypt/challtestsrv v1.0.1-0.20181214141602-e2eba9b59bf7 h1:/Kl45ZozvwLA7sl7sikILYS0orc6bRrd++qP8tNqjf0=
github.com/letsencrypt/challtestsrv v1.0.1-0.20181214141602-e2eba9b59bf7/go.mod h1:/gzSMb+5FjprRIa1TtW6ngjhUOr8JbEFM2XESzK2zPg=
github.com/letsencrypt/challtestsrv v1.0.1-0.20181214205357-9a3b55451bba h1:cZjwNzTr4ZukBk6/cfqwBQsvZuhme8gELXR2Upzbv1U=
github.com/letsencrypt/challtestsrv v1.0.1-0.20181214205357-9a3b55451bba/go.mod h1:/gzSMb+5FjprRIa1TtW6ngjhUOr8JbEFM2XESzK2zPg=
github.com/letsencrypt/challtestsrv v1.0.1-0.20181214211236-91d66851530d h1:fViNBP77AG+QEWUNPKLLOmUtX/shnfljrfVtNRK7fVE=
github.com/letsencrypt/challtestsrv v1.0.1-0.20181214211236-91d66851530d/go.mod h1:/gzSMb+5FjprRIa1TtW6ngjhUOr8JbEFM2XESzK2zPg=
github.com/letsencrypt/challtestsrv v1.0.1-0.20181214212133-97213d51de4b h1:skXVfdU3xp5ULyjjY4rRBLeFNZAtvYpTZ7dEvge8fvc=
github.com/letsencrypt/challtestsrv v1.0.1-0.20181214212133-97213d51de4b/go.mod h1:/gzSMb+5FjprRIa1TtW6ngjhUOr8JbEFM2XESzK2zPg=
github.com/letsencrypt/challtestsrv v1.0.1-0.20181214212536-8d77fe6e69cc h1:XKu0K6+XznHIJXP0gv+jkHZUleFBqWPw3HT/RSdS9FY=
github.com/letsencrypt/challtestsrv v1.0.1-0.20181214212536-8d77fe6e69cc/go.mod h1:/gzSMb+5FjprRIa1TtW6ngjhUOr8JbEFM2XESzK2zPg=
github.com/letsencrypt/challtestsrv v1.0.1 h1:9K3DJleJxOnP3YlFPWeNydca61Lwj4vySqP4W9hi8vE=
github.com/letsencrypt/challtestsrv v1.0.1/go.mod h1:/gzSMb+5FjprRIa1TtW6ngjhUOr8JbEFM2XESzK2zPg=
github.com/letsencrypt/challtestsrv v1.0.2 h1:nBAQjKvVMLhpj4cg2Px6jMyvMbQNdJrCEd6gdcmEuOU=
github.com/letsencrypt/challtestsrv v1.0.2/go.mod h1:/gzSMb+5FjprRIa1TtW6ngjhUOr8JbEFM2XESzK2zPg=
github.com/letsencrypt/challtestsrv v1.1.0 h1:2r5Wa7LvOqUsM8skGSaRnf3CV6WYPQ/OgLF1U6bCt4I=
github.com/letsencrypt/challtestsrv v1.1.0/go.mod h1:/gzSMb+5FjprRIa1TtW6ngjhUOr8JbEFM2XESzK2zPg=
github.com/miekg/dns v1.1.1 h1:DVkblRdiScEnEr0LR9nTnEQqHYycjkXW9bOjd+2EL2o=
github.com/miekg/dns v1.1.1/go.mod h1:W1PPwlIAgtquWBMBEV9nkV9Cazfe8ScdGz/Lj7v3Nrg=
golang.org/x/crypto v0.0.0-20181203042331-505ab145d0a9 h1:mKdxBk7AujPs8kU4m80U72y/zjbZ3UcXC7dClwKbUI0=
golang.org/x/crypto v0.0.0-20181203042331-505ab145d0a9/go.mod h1:6SG95UA2DQfeDnfUPMdvaQW0Q7yPrPDi9nlGo2tz2b4=
golang.org/x/net v0.0.0-20181201002055-351d144fa1fc h1:a3CU5tJYVj92DY2LaA1kUkrsqD5/3mLDhx2NcNqyW+0=
golang.org/x/net v0.0.0-20181201002055-351d144fa1fc/go.mod h1:mL1N/T3taQHkDXs73rZJwtUhF3w3ftmwwsq0BUmARs4=
golang.org/x/net v0.0.0-20181207154023-610586996380 h1:zPQexyRtNYBc7bcHmehl1dH6TB3qn8zytv8cBGLDNY0=
golang.org/x/net v0.0.0-20181207154023-610586996380/go.mod h1:mL1N/T3taQHkDXs73rZJwtUhF3w3ftmwwsq0BUmARs4=
golang.org/x/sync v0.0.0-20181108010431-42b317875d0f h1:Bl/8QSvNqXvPGPGXa2z5xUTmV7VDcZyvRZ+QQXkXTZQ=
golang.org/x/sync v0.0.0-20181108010431-42b317875d0f/go.mod h1:RxMgew5VJxzue5/jJTE5uejpjVlOe/izrB70Jof72aM=
golang.org/x/sys v0.0.0-20181205085412-a5c9d58dba9a h1:1n5lsVfiQW3yfsRGu98756EH1YthsFqr/5mxHduZW2A=
golang.org/x/sys v0.0.0-20181205085412-a5c9d58dba9a/go.mod h1:STP8DvDyc/dI5b8T5hshtkjS+E42TnysNCUPdjciGhY=
golang.org/x/sys v0.0.0-20181206074257-70b957f3b65e h1:njOxP/wVblhCLIUhjHXf6X+dzTt5OQ3vMQo9mkOIKIo=
golang.org/x/sys v0.0.0-20181206074257-70b957f3b65e/go.mod h1:STP8DvDyc/dI5b8T5hshtkjS+E42TnysNCUPdjciGhY=
gopkg.in/square/go-jose.v2 v2.1.9 h1:YCFbL5T2gbmC2sMG12s1x2PAlTK5TZNte3hjZEIcCAg=
gopkg.in/square/go-jose.v2 v2.1.9/go.mod h1:M9dMgbHiYLoDGQrXy7OpJDJWiKiU//h+vD76mk0e1AI=
